
Microsoft Visual Studio Solution File, Format Version 12.00
# Visual Studio 15
VisualStudioVersion = 15.0.28307.1231
MinimumVisualStudioVersion = 10.0.40219.1
Project("{FAE04EC0-301F-11D3-BF4B-00C04F79EFBC}") = "ContosoUniversity", "ContosoUniversity\ContosoUniversity.csproj", "{533A0F18-61D3-427C-AA5B-8D7DE5B5922B}"
EndProject
Global
	GlobalSection(SolutionConfigurationPlatforms) = preSolution
		Debug|Any CPU = Debug|Any CPU
		Release|Any CPU = Release|Any CPU
	EndGlobalSection
	GlobalSection(ProjectConfigurationPlatforms) = postSolution
		{533A0F18-61D3-427C-AA5B-8D7DE5B5922B}.Debug|Any CPU.ActiveCfg = Debug|Any CPU
		{533A0F18-61D3-427C-AA5B-8D7DE5B5922B}.Debug|Any CPU.Build.0 = Debug|Any CPU
		{533A0F18-61D3-427C-AA5B-8D7DE5B5922B}.Release|Any CPU.ActiveCfg = Release|Any CPU
		{533A0F18-61D3-427C-AA5B-8D7DE5B5922B}.Release|Any CPU.Build.0 = Release|Any CPU
	EndGlobalSection
	GlobalSection(SolutionProperties) = preSolution
		HideSolutionNode = FALSE
	EndGlobalSection
	GlobalSection(ExtensibilityGlobals) = postSolution
		SolutionGuid = {7DC109E4-B7A6-4BB8-9D8F-93852CD6CDDF}
	EndGlobalSection
EndGlobal
